
Microsoft Visual Studio Solution File, Format Version 12.00
Project("{2150E333-8FDC-42A3-9474-1A3956D46DE8}") = "Common", "Common", "{06075C82-4072-4511-8492-2386626B7E42}"
EndProject
Project("{2150E333-8FDC-42A3-9474-1A3956D46DE8}") = "LoginMS", "LoginMS", "{CBD5A882-F72D-4AF0-9073-A64EBF0502F3}"
EndProject
Project("{2150E333-8FDC-42A3-9474-1A3956D46DE8}") = "VikleAPIMS", "VikleAPIMS", "{41108C09-C221-4AEE-B865-579C1CE39B8E}"
EndProject
Project("{FAE04EC0-301F-11D3-BF4B-00C04F79EFBC}") = "Common.Contracts", "Common.Contracts\Common.Contracts.csproj", "{9AE61AF7-7797-4BF5-BF77-4E858F7CFEBB}"
EndProject
Project("{FAE04EC0-301F-11D3-BF4B-00C04F79EFBC}") = "Common.Infrastructure.MongoDB", "Common.Infrastructure.MongoDB\Common.Infrastructure.MongoDB.csproj", "{4E00ADA4-A7B1-45C5-8C83-0C2A678B5B39}"
EndProject
Project("{FAE04EC0-301F-11D3-BF4B-00C04F79EFBC}") = "LoginMS.Data", "LoginMS.Data\LoginMS.Data.csproj", "{C93CDB2A-2D69-4A1E-A10D-59845DBA0E71}"
EndProject
Project("{FAE04EC0-301F-11D3-BF4B-00C04F79EFBC}") = "LoginMS.Web", "LoginMS.Web\LoginMS.Web.csproj", "{1E668493-28A4-4A6B-9D37-DA8A243A710D}"
EndProject
Project("{FAE04EC0-301F-11D3-BF4B-00C04F79EFBC}") = "VikleAPIMS.Web", "VikleAPIMS.Web\VikleAPIMS.Web.csproj", "{020E46F2-4912-4C1A-8345-59E2B6C3A86C}"
EndProject
Project("{FAE04EC0-301F-11D3-BF4B-00C04F79EFBC}") = "VikleAPIMS.Data", "VikleAPIMS.Data\VikleAPIMS.Data.csproj", "{CB14C454-9C09-4F3E-97BE-C1544952DA1F}"
EndProject
Project("{FAE04EC0-301F-11D3-BF4B-00C04F79EFBC}") = "docker-compose", "docker-compose.dcproj", "{8F8E5E16-B9A7-4DC9-8841-CD6D56EE19B2}"
EndProject
Project("{FAE04EC0-301F-11D3-BF4B-00C04F79EFBC}") = "Common.Domain", "Common.Domain\Common.Domain.csproj", "{DB0838FC-A6DE-4094-8FCE-8050F9F2EC29}"
EndProject
Project("{2150E333-8FDC-42A3-9474-1A3956D46DE8}") = "GatewayMS", "GatewayMS", "{A5C3FB80-B7A1-4EB5-9021-0FF264253F48}"
EndProject
Project("{FAE04EC0-301F-11D3-BF4B-00C04F79EFBC}") = "GatewayMS", "GatewayMS\GatewayMS.csproj", "{47FAB132-4DF9-4B7E-9065-19DA52615D0E}"
EndProject
Global
	GlobalSection(SolutionConfigurationPlatforms) = preSolution
		Debug|Any CPU = Debug|Any CPU
		Release|Any CPU = Release|Any CPU
	EndGlobalSection
	GlobalSection(NestedProjects) = preSolution
		{9AE61AF7-7797-4BF5-BF77-4E858F7CFEBB} = {06075C82-4072-4511-8492-2386626B7E42}
		{4E00ADA4-A7B1-45C5-8C83-0C2A678B5B39} = {06075C82-4072-4511-8492-2386626B7E42}
		{C93CDB2A-2D69-4A1E-A10D-59845DBA0E71} = {CBD5A882-F72D-4AF0-9073-A64EBF0502F3}
		{1E668493-28A4-4A6B-9D37-DA8A243A710D} = {CBD5A882-F72D-4AF0-9073-A64EBF0502F3}
		{020E46F2-4912-4C1A-8345-59E2B6C3A86C} = {41108C09-C221-4AEE-B865-579C1CE39B8E}
		{CB14C454-9C09-4F3E-97BE-C1544952DA1F} = {41108C09-C221-4AEE-B865-579C1CE39B8E}
		{DB0838FC-A6DE-4094-8FCE-8050F9F2EC29} = {06075C82-4072-4511-8492-2386626B7E42}
		{47FAB132-4DF9-4B7E-9065-19DA52615D0E} = {A5C3FB80-B7A1-4EB5-9021-0FF264253F48}
	EndGlobalSection
	GlobalSection(ProjectConfigurationPlatforms) = postSolution
		{9AE61AF7-7797-4BF5-BF77-4E858F7CFEBB}.Debug|Any CPU.ActiveCfg = Debug|Any CPU
		{9AE61AF7-7797-4BF5-BF77-4E858F7CFEBB}.Debug|Any CPU.Build.0 = Debug|Any CPU
		{9AE61AF7-7797-4BF5-BF77-4E858F7CFEBB}.Release|Any CPU.ActiveCfg = Release|Any CPU
		{9AE61AF7-7797-4BF5-BF77-4E858F7CFEBB}.Release|Any CPU.Build.0 = Release|Any CPU
		{4E00ADA4-A7B1-45C5-8C83-0C2A678B5B39}.Debug|Any CPU.ActiveCfg = Debug|Any CPU
		{4E00ADA4-A7B1-45C5-8C83-0C2A678B5B39}.Debug|Any CPU.Build.0 = Debug|Any CPU
		{4E00ADA4-A7B1-45C5-8C83-0C2A678B5B39}.Release|Any CPU.ActiveCfg = Release|Any CPU
		{4E00ADA4-A7B1-45C5-8C83-0C2A678B5B39}.Release|Any CPU.Build.0 = Release|Any CPU
		{C93CDB2A-2D69-4A1E-A10D-59845DBA0E71}.Debug|Any CPU.ActiveCfg = Debug|Any CPU
		{C93CDB2A-2D69-4A1E-A10D-59845DBA0E71}.Debug|Any CPU.Build.0 = Debug|Any CPU
		{C93CDB2A-2D69-4A1E-A10D-59845DBA0E71}.Release|Any CPU.ActiveCfg = Release|Any CPU
		{C93CDB2A-2D69-4A1E-A10D-59845DBA0E71}.Release|Any CPU.Build.0 = Release|Any CPU
		{1E668493-28A4-4A6B-9D37-DA8A243A710D}.Debug|Any CPU.ActiveCfg = Debug|Any CPU
		{1E668493-28A4-4A6B-9D37-DA8A243A710D}.Debug|Any CPU.Build.0 = Debug|Any CPU
		{1E668493-28A4-4A6B-9D37-DA8A243A710D}.Release|Any CPU.ActiveCfg = Release|Any CPU
		{1E668493-28A4-4A6B-9D37-DA8A243A710D}.Release|Any CPU.Build.0 = Release|Any CPU
		{020E46F2-4912-4C1A-8345-59E2B6C3A86C}.Debug|Any CPU.ActiveCfg = Debug|Any CPU
		{020E46F2-4912-4C1A-8345-59E2B6C3A86C}.Debug|Any CPU.Build.0 = Debug|Any CPU
		{020E46F2-4912-4C1A-8345-59E2B6C3A86C}.Release|Any CPU.ActiveCfg = Release|Any CPU
		{020E46F2-4912-4C1A-8345-59E2B6C3A86C}.Release|Any CPU.Build.0 = Release|Any CPU
		{CB14C454-9C09-4F3E-97BE-C1544952DA1F}.Debug|Any CPU.ActiveCfg = Debug|Any CPU
		{CB14C454-9C09-4F3E-97BE-C1544952DA1F}.Debug|Any CPU.Build.0 = Debug|Any CPU
		{CB14C454-9C09-4F3E-97BE-C1544952DA1F}.Release|Any CPU.ActiveCfg = Release|Any CPU
		{CB14C454-9C09-4F3E-97BE-C1544952DA1F}.Release|Any CPU.Build.0 = Release|Any CPU
		{DB0838FC-A6DE-4094-8FCE-8050F9F2EC29}.Debug|Any CPU.ActiveCfg = Debug|Any CPU
		{DB0838FC-A6DE-4094-8FCE-8050F9F2EC29}.Debug|Any CPU.Build.0 = Debug|Any CPU
		{DB0838FC-A6DE-4094-8FCE-8050F9F2EC29}.Release|Any CPU.ActiveCfg = Release|Any CPU
		{DB0838FC-A6DE-4094-8FCE-8050F9F2EC29}.Release|Any CPU.Build.0 = Release|Any CPU
		{47FAB132-4DF9-4B7E-9065-19DA52615D0E}.Debug|Any CPU.ActiveCfg = Debug|Any CPU
		{47FAB132-4DF9-4B7E-9065-19DA52615D0E}.Debug|Any CPU.Build.0 = Debug|Any CPU
		{47FAB132-4DF9-4B7E-9065-19DA52615D0E}.Release|Any CPU.ActiveCfg = Release|Any CPU
		{47FAB132-4DF9-4B7E-9065-19DA52615D0E}.Release|Any CPU.Build.0 = Release|Any CPU
	EndGlobalSection
EndGlobal
